
Microsoft Visual Studio Solution File, Format Version 12.00
# Visual Studio Version 17
VisualStudioVersion = 17.3.32922.545
MinimumVisualStudioVersion = 10.0.40219.1
Project("{FAE04EC0-301F-11D3-BF4B-00C04F79EFBC}") = "Ajax_First_pro", "Ajax_First_pro\Ajax_First_pro.csproj", "{CFA35298-F5D8-44E4-AEB2-ED2E9813B1C3}"
EndProject
Global
	GlobalSection(SolutionConfigurationPlatforms) = preSolution
		Debug|Any CPU = Debug|Any CPU
		Release|Any CPU = Release|Any CPU
	EndGlobalSection
	GlobalSection(ProjectConfigurationPlatforms) = postSolution
		{CFA35298-F5D8-44E4-AEB2-ED2E9813B1C3}.Debug|Any CPU.ActiveCfg = Debug|Any CPU
		{CFA35298-F5D8-44E4-AEB2-ED2E9813B1C3}.Debug|Any CPU.Build.0 = Debug|Any CPU
		{CFA35298-F5D8-44E4-AEB2-ED2E9813B1C3}.Release|Any CPU.ActiveCfg = Release|Any CPU
		{CFA35298-F5D8-44E4-AEB2-ED2E9813B1C3}.Release|Any CPU.Build.0 = Release|Any CPU
	EndGlobalSection
	GlobalSection(SolutionProperties) = preSolution
		HideSolutionNode = FALSE
	EndGlobalSection
	GlobalSection(ExtensibilityGlobals) = postSolution
		SolutionGuid = {6C7FED5B-8759-41BF-9545-A535355DC0C8}
	EndGlobalSection
EndGlobal
